
Microsoft Visual Studio Solution File, Format Version 12.00
# Visual Studio 14
VisualStudioVersion = 14.0.23107.0
MinimumVisualStudioVersion = 10.0.40219.1
Project("{FAE04EC0-301F-11D3-BF4B-00C04F79EFBC}") = "SharePointProviderHosted", "SharePointProviderHosted\SharePointProviderHosted.csproj", "{D8934F6C-50A7-43C7-906F-BE4AF4EAB34D}"
EndProject
Project("{FAE04EC0-301F-11D3-BF4B-00C04F79EFBC}") = "SharePointProviderHostedWeb", "SharePointProviderHostedWeb\SharePointProviderHostedWeb.csproj", "{CF4B84BD-381B-46A5-B269-5ED31CAE0DB0}"
EndProject
Global
	GlobalSection(SolutionConfigurationPlatforms) = preSolution
		Debug|Any CPU = Debug|Any CPU
		Release|Any CPU = Release|Any CPU
	EndGlobalSection
	GlobalSection(ProjectConfigurationPlatforms) = postSolution
		{D8934F6C-50A7-43C7-906F-BE4AF4EAB34D}.Debug|Any CPU.ActiveCfg = Debug|Any CPU
		{D8934F6C-50A7-43C7-906F-BE4AF4EAB34D}.Debug|Any CPU.Build.0 = Debug|Any CPU
		{D8934F6C-50A7-43C7-906F-BE4AF4EAB34D}.Debug|Any CPU.Deploy.0 = Debug|Any CPU
		{D8934F6C-50A7-43C7-906F-BE4AF4EAB34D}.Release|Any CPU.ActiveCfg = Release|Any CPU
		{D8934F6C-50A7-43C7-906F-BE4AF4EAB34D}.Release|Any CPU.Build.0 = Release|Any CPU
		{D8934F6C-50A7-43C7-906F-BE4AF4EAB34D}.Release|Any CPU.Deploy.0 = Release|Any CPU
		{CF4B84BD-381B-46A5-B269-5ED31CAE0DB0}.Debug|Any CPU.ActiveCfg = Debug|Any CPU
		{CF4B84BD-381B-46A5-B269-5ED31CAE0DB0}.Debug|Any CPU.Build.0 = Debug|Any CPU
		{CF4B84BD-381B-46A5-B269-5ED31CAE0DB0}.Release|Any CPU.ActiveCfg = Release|Any CPU
		{CF4B84BD-381B-46A5-B269-5ED31CAE0DB0}.Release|Any CPU.Build.0 = Release|Any CPU
	EndGlobalSection
	GlobalSection(SolutionProperties) = preSolution
		HideSolutionNode = FALSE
	EndGlobalSection
EndGlobal
